
Microsoft Visual Studio Solution File, Format Version 12.00
# Visual Studio 15
VisualStudioVersion = 15.0.28307.705
MinimumVisualStudioVersion = 10.0.40219.1
Project("{FAE04EC0-301F-11D3-BF4B-00C04F79EFBC}") = "Stringletters", "Stringletters\Stringletters.csproj", "{96F1828D-CC05-4F05-82A5-8253E55997EB}"
EndProject
Global
	GlobalSection(SolutionConfigurationPlatforms) = preSolution
		Debug|Any CPU = Debug|Any CPU
		Release|Any CPU = Release|Any CPU
	EndGlobalSection
	GlobalSection(ProjectConfigurationPlatforms) = postSolution
		{96F1828D-CC05-4F05-82A5-8253E55997EB}.Debug|Any CPU.ActiveCfg = Debug|Any CPU
		{96F1828D-CC05-4F05-82A5-8253E55997EB}.Debug|Any CPU.Build.0 = Debug|Any CPU
		{96F1828D-CC05-4F05-82A5-8253E55997EB}.Release|Any CPU.ActiveCfg = Release|Any CPU
		{96F1828D-CC05-4F05-82A5-8253E55997EB}.Release|Any CPU.Build.0 = Release|Any CPU
	EndGlobalSection
	GlobalSection(SolutionProperties) = preSolution
		HideSolutionNode = FALSE
	EndGlobalSection
	GlobalSection(ExtensibilityGlobals) = postSolution
		SolutionGuid = {0B91F5EB-2886-4EEA-8A6B-DC1C2D46FFA3}
	EndGlobalSection
EndGlobal
